# THIS IS AN AUTOGENERATED FILE. DO NOT EDIT THIS FILE DIRECTLY.
# yarn lockfile v1


"@types/node@^16.4.12":
  version "16.4.12"
  resolved "https://registry.yarnpkg.com/@types/node/-/node-16.4.12.tgz#961e3091f263e6345d2d84afab4e047a60b4b11b"
  integrity sha512-zxrTNFl9Z8boMJXs6ieqZP0wAhvkdzmHSxTlJabM16cf5G9xBc1uPRH5Bbv2omEDDiM8MzTfqTJXBf0Ba4xFWA==

cargo-cp-artifact@^0.1:
  version "0.1.4"
  resolved "https://registry.yarnpkg.com/cargo-cp-artifact/-/cargo-cp-artifact-0.1.4.tgz#1551500e6b1422e27c4da6de38deaac0a55466f9"
  integrity sha512-34yUas8aUENHGdk6JhLkV4ol0GLtP78YgqpsRDmmnpADy9JoTg/DgKM3CRHAeozTRNhKoPaRFhV+BxoqkmoKUA==

tsc@^2.0.3:
  version "2.0.3"
  resolved "https://registry.yarnpkg.com/tsc/-/tsc-2.0.3.tgz#037fe579e3bd67a5cbdaa604b43c6c1991b04bef"
  integrity sha512-SN+9zBUtrpUcOpaUO7GjkEHgWtf22c7FKbKCA4e858eEM7Qz86rRDpgOU2lBIDf0fLCsEg65ms899UMUIB2+Ow==

typescript@^4.3.5:
  version "4.3.5"
  resolved "https://registry.yarnpkg.com/typescript/-/typescript-4.3.5.tgz#4d1c37cc16e893973c45a06886b7113234f119f4"
  integrity sha512-DqQgihaQ9cUrskJo9kIyW/+g0Vxsk8cDtZ52a3NGh0YNTfpUSArXSohyUGnvbPazEPLu398C0UxmKSOrPumUzA==
